
Microsoft Visual Studio Solution File, Format Version 12.00
# Visual Studio Version 17
VisualStudioVersion = 17.3.32804.467
MinimumVisualStudioVersion = 10.0.40219.1
Project("{FAE04EC0-301F-11D3-BF4B-00C04F79EFBC}") = "RMDataManager", "RMDataManager\RMDataManager.csproj", "{3262F878-C6E2-4333-9929-B7271FA29B48}"
EndProject
Project("{00D1A9C2-B5F0-4AF3-8072-F6C62B433612}") = "RMDate", "RMDate\RMDate.sqlproj", "{1D0EB4D5-8952-4E93-A4F1-34FFF02D4C23}"
EndProject
Project("{FAE04EC0-301F-11D3-BF4B-00C04F79EFBC}") = "RMDesktopUI", "RMDesktopUI\RMDesktopUI.csproj", "{BE9C0AE7-C031-4700-B63E-F510C9C398B2}"
EndProject
Global
	GlobalSection(SolutionConfigurationPlatforms) = preSolution
		Debug|Any CPU = Debug|Any CPU
		Release|Any CPU = Release|Any CPU
	EndGlobalSection
	GlobalSection(ProjectConfigurationPlatforms) = postSolution
		{3262F878-C6E2-4333-9929-B7271FA29B48}.Debug|Any CPU.ActiveCfg = Debug|Any CPU
		{3262F878-C6E2-4333-9929-B7271FA29B48}.Debug|Any CPU.Build.0 = Debug|Any CPU
		{3262F878-C6E2-4333-9929-B7271FA29B48}.Release|Any CPU.ActiveCfg = Release|Any CPU
		{3262F878-C6E2-4333-9929-B7271FA29B48}.Release|Any CPU.Build.0 = Release|Any CPU
		{1D0EB4D5-8952-4E93-A4F1-34FFF02D4C23}.Debug|Any CPU.ActiveCfg = Debug|Any CPU
		{1D0EB4D5-8952-4E93-A4F1-34FFF02D4C23}.Debug|Any CPU.Build.0 = Debug|Any CPU
		{1D0EB4D5-8952-4E93-A4F1-34FFF02D4C23}.Debug|Any CPU.Deploy.0 = Debug|Any CPU
		{1D0EB4D5-8952-4E93-A4F1-34FFF02D4C23}.Release|Any CPU.ActiveCfg = Release|Any CPU
		{1D0EB4D5-8952-4E93-A4F1-34FFF02D4C23}.Release|Any CPU.Build.0 = Release|Any CPU
		{1D0EB4D5-8952-4E93-A4F1-34FFF02D4C23}.Release|Any CPU.Deploy.0 = Release|Any CPU
		{BE9C0AE7-C031-4700-B63E-F510C9C398B2}.Debug|Any CPU.ActiveCfg = Debug|Any CPU
		{BE9C0AE7-C031-4700-B63E-F510C9C398B2}.Debug|Any CPU.Build.0 = Debug|Any CPU
		{BE9C0AE7-C031-4700-B63E-F510C9C398B2}.Release|Any CPU.ActiveCfg = Release|Any CPU
		{BE9C0AE7-C031-4700-B63E-F510C9C398B2}.Release|Any CPU.Build.0 = Release|Any CPU
	EndGlobalSection
	GlobalSection(SolutionProperties) = preSolution
		HideSolutionNode = FALSE
	EndGlobalSection
	GlobalSection(ExtensibilityGlobals) = postSolution
		SolutionGuid = {78EA3782-D5A3-4684-A5C6-E3FBE9DE5FE6}
	EndGlobalSection
EndGlobal
